// !$*UTF8*$!
{
	archiveVersion = 1;
	classes = {
	};
	objectVersion = 50;
	objects = {

/* Begin PBXBuildFile section */
		F1FE9B372618EFEB00927063 /* AppDelegate.swift in Sources */ = {isa = PBXBuildFile; fileRef = F1FE9B362618EFEB00927063 /* AppDelegate.swift */; };
		F1FE9B392618EFEB00927063 /* SceneDelegate.swift in Sources */ = {isa = PBXBuildFile; fileRef = F1FE9B382618EFEB00927063 /* SceneDelegate.swift */; };
		F1FE9B3B2618EFEB00927063 /* ViewController.swift in Sources */ = {isa = PBXBuildFile; fileRef = F1FE9B3A2618EFEB00927063 /* ViewController.swift */; };
		F1FE9B3E2618EFEB00927063 /* Main.storyboard in Resources */ = {isa = PBXBuildFile; fileRef = F1FE9B3C2618EFEB00927063 /* Main.storyboard */; };
		F1FE9B402618EFED00927063 /* Assets.xcassets in Resources */ = {isa = PBXBuildFile; fileRef = F1FE9B3F2618EFED00927063 /* Assets.xcassets */; };
		F1FE9B432618EFED00927063 /* LaunchScreen.storyboard in Resources */ = {isa = PBXBuildFile; fileRef = F1FE9B412618EFED00927063 /* LaunchScreen.storyboard */; };
		F1FE9B4E2618EFED00927063 /* UploadAppTests.swift in Sources */ = {isa = PBXBuildFile; fileRef = F1FE9B4D2618EFED00927063 /* UploadAppTests.swift */; };
		F1FE9B592618EFEE00927063 /* UploadAppUITests.swift in Sources */ = {isa = PBXBuildFile; fileRef = F1FE9B582618EFEE00927063 /* UploadAppUITests.swift */; };
		F1FE9B6A2618F0A600927063 /* GoogleService-Info.plist in Resources */ = {isa = PBXBuildFile; fileRef = F1FE9B692618F0A600927063 /* GoogleService-Info.plist */; };
/* End PBXBuildFile section */

/* Begin PBXContainerItemProxy section */
		F1FE9B4A2618EFED00927063 /* PBXContainerItemProxy */ = {
			isa = PBXContainerItemProxy;
			containerPortal = F1FE9B2B2618EFEB00927063 /* Project object */;
			proxyType = 1;
			remoteGlobalIDString = F1FE9B322618EFEB00927063;
			remoteInfo = UploadApp;
		};
		F1FE9B552618EFEE00927063 /* PBXContainerItemProxy */ = {
			isa = PBXContainerItemProxy;
			containerPortal = F1FE9B2B2618EFEB00927063 /* Project object */;
			proxyType = 1;
			remoteGlobalIDString = F1FE9B322618EFEB00927063;
			remoteInfo = UploadApp;
		};
/* End PBXContainerItemProxy section */

/* Begin PBXFileReference section */
		F1FE9B332618EFEB00927063 /* UploadApp.app */ = {isa = PBXFileReference; explicitFileType = wrapper.application; includeInIndex = 0; path = UploadApp.app; sourceTree = BUILT_PRODUCTS_DIR; };
		F1FE9B362618EFEB00927063 /* AppDelegate.swift */ = {isa = PBXFileReference; lastKnownFileType = sourcecode.swift; path = AppDelegate.swift; sourceTree = "<group>"; };
		F1FE9B382618EFEB00927063 /* SceneDelegate.swift */ = {isa = PBXFileReference; lastKnownFileType = sourcecode.swift; path = SceneDelegate.swift; sourceTree = "<group>"; };
		F1FE9B3A2618EFEB00927063 /* ViewController.swift */ = {isa = PBXFileReference; lastKnownFileType = sourcecode.swift; path = ViewController.swift; sourceTree = "<group>"; };
		F1FE9B3D2618EFEB00927063 /* Base */ = {isa = PBXFileReference; lastKnownFileType = file.storyboard; name = Base; path = Base.lproj/Main.storyboard; sourceTree = "<group>"; };
		F1FE9B3F2618EFED00927063 /* Assets.xcassets */ = {isa = PBXFileReference; lastKnownFileType = folder.assetcatalog; path = Assets.xcassets; sourceTree = "<group>"; };
		F1FE9B422618EFED00927063 /* Base */ = {isa = PBXFileReference; lastKnownFileType = file.storyboard; name = Base; path = Base.lproj/LaunchScreen.storyboard; sourceTree = "<group>"; };
		F1FE9B442618EFED00927063 /* Info.plist */ = {isa = PBXFileReference; lastKnownFileType = text.plist.xml; path = Info.plist; sourceTree = "<group>"; };
		F1FE9B492618EFED00927063 /* UploadAppTests.xctest */ = {isa = PBXFileReference; explicitFileType = wrapper.cfbundle; includeInIndex = 0; path = UploadAppTests.xctest; sourceTree = BUILT_PRODUCTS_DIR; };
		F1FE9B4D2618EFED00927063 /* UploadAppTests.swift */ = {isa = PBXFileReference; lastKnownFileType = sourcecode.swift; path = UploadAppTests.swift; sourceTree = "<group>"; };
		F1FE9B4F2618EFED00927063 /* Info.plist */ = {isa = PBXFileReference; lastKnownFileType = text.plist.xml; path = Info.plist; sourceTree = "<group>"; };
		F1FE9B542618EFEE00927063 /* UploadAppUITests.xctest */ = {isa = PBXFileReference; explicitFileType = wrapper.cfbundle; includeInIndex = 0; path = UploadAppUITests.xctest; sourceTree = BUILT_PRODUCTS_DIR; };
		F1FE9B582618EFEE00927063 /* UploadAppUITests.swift */ = {isa = PBXFileReference; lastKnownFileType = sourcecode.swift; path = UploadAppUITests.swift; sourceTree = "<group>"; };
		F1FE9B5A2618EFEE00927063 /* Info.plist */ = {isa = PBXFileReference; lastKnownFileType = text.plist.xml; path = Info.plist; sourceTree = "<group>"; };
		F1FE9B692618F0A600927063 /* GoogleService-Info.plist */ = {isa = PBXFileReference; fileEncoding = 4; lastKnownFileType = text.plist.xml; name = "GoogleService-Info.plist"; path = "../../../../../Downloads/GoogleService-Info.plist"; sourceTree = "<group>"; };
/* End PBXFileReference section */

/* Begin PBXFrameworksBuildPhase section */
		F1FE9B302618EFEB00927063 /* Frameworks */ = {
			isa = PBXFrameworksBuildPhase;
			buildActionMask = 2147483647;
			files = (
			);
			runOnlyForDeploymentPostprocessing = 0;
		};
		F1FE9B462618EFED00927063 /* Frameworks */ = {
			isa = PBXFrameworksBuildPhase;
			buildActionMask = 2147483647;
			files = (
			);
			runOnlyForDeploymentPostprocessing = 0;
		};
		F1FE9B512618EFEE00927063 /* Frameworks */ = {
			isa = PBXFrameworksBuildPhase;
			buildActionMask = 2147483647;
			files = (
			);
			runOnlyForDeploymentPostprocessing = 0;
		};
/* End PBXFrameworksBuildPhase section */

/* Begin PBXGroup section */
		F1FE9B2A2618EFEB00927063 = {
			isa = PBXGroup;
			children = (
				F1FE9B352618EFEB00927063 /* UploadApp */,
				F1FE9B4C2618EFED00927063 /* UploadAppTests */,
				F1FE9B572618EFEE00927063 /* UploadAppUITests */,
				F1FE9B342618EFEB00927063 /* Products */,
			);
			sourceTree = "<group>";
		};
		F1FE9B342618EFEB00927063 /* Products */ = {
			isa = PBXGroup;
			children = (
				F1FE9B332618EFEB00927063 /* UploadApp.app */,
				F1FE9B492618EFED00927063 /* UploadAppTests.xctest */,
				F1FE9B542618EFEE00927063 /* UploadAppUITests.xctest */,
			);
			name = Products;
			sourceTree = "<group>";
		};
		F1FE9B352618EFEB00927063 /* UploadApp */ = {
			isa = PBXGroup;
			children = (
				F1FE9B362618EFEB00927063 /* AppDelegate.swift */,
				F1FE9B382618EFEB00927063 /* SceneDelegate.swift */,
				F1FE9B3A2618EFEB00927063 /* ViewController.swift */,
				F1FE9B3C2618EFEB00927063 /* Main.storyboard */,
				F1FE9B3F2618EFED00927063 /* Assets.xcassets */,
				F1FE9B412618EFED00927063 /* LaunchScreen.storyboard */,
				F1FE9B442618EFED00927063 /* Info.plist */,
				F1FE9B692618F0A600927063 /* GoogleService-Info.plist */,
			);
			path = UploadApp;
			sourceTree = "<group>";
		};
		F1FE9B4C2618EFED00927063 /* UploadAppTests */ = {
			isa = PBXGroup;
			children = (
				F1FE9B4D2618EFED00927063 /* UploadAppTests.swift */,
				F1FE9B4F2618EFED00927063 /* Info.plist */,
			);
			path = UploadAppTests;
			sourceTree = "<group>";
		};
		F1FE9B572618EFEE00927063 /* UploadAppUITests */ = {
			isa = PBXGroup;
			children = (
				F1FE9B582618EFEE00927063 /* UploadAppUITests.swift */,
				F1FE9B5A2618EFEE00927063 /* Info.plist */,
			);
			path = UploadAppUITests;
			sourceTree = "<group>";
		};
/* End PBXGroup section */

/* Begin PBXNativeTarget section */
		F1FE9B322618EFEB00927063 /* UploadApp */ = {
			isa = PBXNativeTarget;
			buildConfigurationList = F1FE9B5D2618EFEE00927063 /* Build configuration list for PBXNativeTarget "UploadApp" */;
			buildPhases = (
				F1FE9B2F2618EFEB00927063 /* Sources */,
				F1FE9B302618EFEB00927063 /* Frameworks */,
				F1FE9B312618EFEB00927063 /* Resources */,
			);
			buildRules = (
			);
			dependencies = (
			);
			name = UploadApp;
			productName = UploadApp;
			productReference = F1FE9B332618EFEB00927063 /* UploadApp.app */;
			productType = "com.apple.product-type.application";
		};
		F1FE9B482618EFED00927063 /* UploadAppTests */ = {
			isa = PBXNativeTarget;
			buildConfigurationList = F1FE9B602618EFEE00927063 /* Build configuration list for PBXNativeTarget "UploadAppTests" */;
			buildPhases = (
				F1FE9B452618EFED00927063 /* Sources */,
				F1FE9B462618EFED00927063 /* Frameworks */,
				F1FE9B472618EFED00927063 /* Resources */,
			);
			buildRules = (
			);
			dependencies = (
				F1FE9B4B2618EFED00927063 /* PBXTargetDependency */,
			);
			name = UploadAppTests;
			productName = UploadAppTests;
			productReference = F1FE9B492618EFED00927063 /* UploadAppTests.xctest */;
			productType = "com.apple.product-type.bundle.unit-test";
		};
		F1FE9B532618EFEE00927063 /* UploadAppUITests */ = {
			isa = PBXNativeTarget;
			buildConfigurationList = F1FE9B632618EFEE00927063 /* Build configuration list for PBXNativeTarget "UploadAppUITests" */;
			buildPhases = (
				F1FE9B502618EFEE00927063 /* Sources */,
				F1FE9B512618EFEE00927063 /* Frameworks */,
				F1FE9B522618EFEE00927063 /* Resources */,
			);
			buildRules = (
			);
			dependencies = (
				F1FE9B562618EFEE00927063 /* PBXTargetDependency */,
			);
			name = UploadAppUITests;
			productName = UploadAppUITests;
			productReference = F1FE9B542618EFEE00927063 /* UploadAppUITests.xctest */;
			productType = "com.apple.product-type.bundle.ui-testing";
		};
/* End PBXNativeTarget section */

/* Begin PBXProject section */
		F1FE9B2B2618EFEB00927063 /* Project object */ = {
			isa = PBXProject;
			attributes = {
				LastSwiftUpdateCheck = 1240;
				LastUpgradeCheck = 1240;
				TargetAttributes = {
					F1FE9B322618EFEB00927063 = {
						CreatedOnToolsVersion = 12.4;
					};
					F1FE9B482618EFED00927063 = {
						CreatedOnToolsVersion = 12.4;
						TestTargetID = F1FE9B322618EFEB00927063;
					};
					F1FE9B532618EFEE00927063 = {
						CreatedOnToolsVersion = 12.4;
						TestTargetID = F1FE9B322618EFEB00927063;
					};
				};
			};
			buildConfigurationList = F1FE9B2E2618EFEB00927063 /* Build configuration list for PBXProject "UploadApp" */;
			compatibilityVersion = "Xcode 9.3";
			developmentRegion = en;
			hasScannedForEncodings = 0;
			knownRegions = (
				en,
				Base,
			);
			mainGroup = F1FE9B2A2618EFEB00927063;
			productRefGroup = F1FE9B342618EFEB00927063 /* Products */;
			projectDirPath = "";
			projectRoot = "";
			targets = (
				F1FE9B322618EFEB00927063 /* UploadApp */,
				F1FE9B482618EFED00927063 /* UploadAppTests */,
				F1FE9B532618EFEE00927063 /* UploadAppUITests */,
			);
		};
/* End PBXProject section */

/* Begin PBXResourcesBuildPhase section */
		F1FE9B312618EFEB00927063 /* Resources */ = {
			isa = PBXResourcesBuildPhase;
			buildActionMask = 2147483647;
			files = (
				F1FE9B432618EFED00927063 /* LaunchScreen.storyboard in Resources */,
				F1FE9B6A2618F0A600927063 /* GoogleService-Info.plist in Resources */,
				F1FE9B402618EFED00927063 /* Assets.xcassets in Resources */,
				F1FE9B3E2618EFEB00927063 /* Main.storyboard in Resources */,
			);
			runOnlyForDeploymentPostprocessing = 0;
		};
		F1FE9B472618EFED00927063 /* Resources */ = {
			isa = PBXResourcesBuildPhase;
			buildActionMask = 2147483647;
			files = (
			);
			runOnlyForDeploymentPostprocessing = 0;
		};
		F1FE9B522618EFEE00927063 /* Resources */ = {
			isa = PBXResourcesBuildPhase;
			buildActionMask = 2147483647;
			files = (
			);
			runOnlyForDeploymentPostprocessing = 0;
		};
/* End PBXResourcesBuildPhase section */

/* Begin PBXSourcesBuildPhase section */
		F1FE9B2F2618EFEB00927063 /* Sources */ = {
			isa = PBXSourcesBuildPhase;
			buildActionMask = 2147483647;
			files = (
				F1FE9B3B2618EFEB00927063 /* ViewController.swift in Sources */,
				F1FE9B372618EFEB00927063 /* AppDelegate.swift in Sources */,
				F1FE9B392618EFEB00927063 /* SceneDelegate.swift in Sources */,
			);
			runOnlyForDeploymentPostprocessing = 0;
		};
		F1FE9B452618EFED00927063 /* Sources */ = {
			isa = PBXSourcesBuildPhase;
			buildActionMask = 2147483647;
			files = (
				F1FE9B4E2618EFED00927063 /* UploadAppTests.swift in Sources */,
			);
			runOnlyForDeploymentPostprocessing = 0;
		};
		F1FE9B502618EFEE00927063 /* Sources */ = {
			isa = PBXSourcesBuildPhase;
			buildActionMask = 2147483647;
			files = (
				F1FE9B592618EFEE00927063 /* UploadAppUITests.swift in Sources */,
			);
			runOnlyForDeploymentPostprocessing = 0;
		};
/* End PBXSourcesBuildPhase section */

/* Begin PBXTargetDependency section */
		F1FE9B4B2618EFED00927063 /* PBXTargetDependency */ = {
			isa = PBXTargetDependency;
			target = F1FE9B322618EFEB00927063 /* UploadApp */;
			targetProxy = F1FE9B4A2618EFED00927063 /* PBXContainerItemProxy */;
		};
		F1FE9B562618EFEE00927063 /* PBXTargetDependency */ = {
			isa = PBXTargetDependency;
			target = F1FE9B322618EFEB00927063 /* UploadApp */;
			targetProxy = F1FE9B552618EFEE00927063 /* PBXContainerItemProxy */;
		};
/* End PBXTargetDependency section */

/* Begin PBXVariantGroup section */
		F1FE9B3C2618EFEB00927063 /* Main.storyboard */ = {
			isa = PBXVariantGroup;
			children = (
				F1FE9B3D2618EFEB00927063 /* Base */,
			);
			name = Main.storyboard;
			sourceTree = "<group>";
		};
		F1FE9B412618EFED00927063 /* LaunchScreen.storyboard */ = {
			isa = PBXVariantGroup;
			children = (
				F1FE9B422618EFED00927063 /* Base */,
			);
			name = LaunchScreen.storyboard;
			sourceTree = "<group>";
		};
/* End PBXVariantGroup section */

/* Begin XCBuildConfiguration section */
		F1FE9B5B2618EFEE00927063 /* Debug */ = {
			isa = XCBuildConfiguration;
			buildSettings = {
				ALWAYS_SEARCH_USER_PATHS = NO;
				CLANG_ANALYZER_NONNULL = YES;
				CLANG_ANALYZER_NUMBER_OBJECT_CONVERSION = YES_AGGRESSIVE;
				CLANG_CXX_LANGUAGE_STANDARD = "gnu++14";
				CLANG_CXX_LIBRARY = "libc++";
				CLANG_ENABLE_MODULES = YES;
				CLANG_ENABLE_OBJC_ARC = YES;
				CLANG_ENABLE_OBJC_WEAK = YES;
				CLANG_WARN_BLOCK_CAPTURE_AUTORELEASING = YES;
				CLANG_WARN_BOOL_CONVERSION = YES;
				CLANG_WARN_COMMA = YES;
				CLANG_WARN_CONSTANT_CONVERSION = YES;
				CLANG_WARN_DEPRECATED_OBJC_IMPLEMENTATIONS = YES;
				CLANG_WARN_DIRECT_OBJC_ISA_USAGE = YES_ERROR;
				CLANG_WARN_DOCUMENTATION_COMMENTS = YES;
				CLANG_WARN_EMPTY_BODY = YES;
				CLANG_WARN_ENUM_CONVERSION = YES;
				CLANG_WARN_INFINITE_RECURSION = YES;
				CLANG_WARN_INT_CONVERSION = YES;
				CLANG_WARN_NON_LITERAL_NULL_CONVERSION = YES;
				CLANG_WARN_OBJC_IMPLICIT_RETAIN_SELF = YES;
				CLANG_WARN_OBJC_LITERAL_CONVERSION = YES;
				CLANG_WARN_OBJC_ROOT_CLASS = YES_ERROR;
				CLANG_WARN_QUOTED_INCLUDE_IN_FRAMEWORK_HEADER = YES;
				CLANG_WARN_RANGE_LOOP_ANALYSIS = YES;
				CLANG_WARN_STRICT_PROTOTYPES = YES;
				CLANG_WARN_SUSPICIOUS_MOVE = YES;
				CLANG_WARN_UNGUARDED_AVAILABILITY = YES_AGGRESSIVE;
				CLANG_WARN_UNREACHABLE_CODE = YES;
				CLANG_WARN__DUPLICATE_METHOD_MATCH = YES;
				COPY_PHASE_STRIP = NO;
				DEBUG_INFORMATION_FORMAT = dwarf;
				ENABLE_STRICT_OBJC_MSGSEND = YES;
				ENABLE_TESTABILITY = YES;
				GCC_C_LANGUAGE_STANDARD = gnu11;
				GCC_DYNAMIC_NO_PIC = NO;
				GCC_NO_COMMON_BLOCKS = YES;
				GCC_OPTIMIZATION_LEVEL = 0;
				GCC_PREPROCESSOR_DEFINITIONS = (
					"DEBUG=1",
					"$(inherited)",
				);
				GCC_WARN_64_TO_32_BIT_CONVERSION = YES;
				GCC_WARN_ABOUT_RETURN_TYPE = YES_ERROR;
				GCC_WARN_UNDECLARED_SELECTOR = YES;
				GCC_WARN_UNINITIALIZED_AUTOS = YES_AGGRESSIVE;
				GCC_WARN_UNUSED_FUNCTION = YES;
				GCC_WARN_UNUSED_VARIABLE = YES;
				IPHONEOS_DEPLOYMENT_TARGET = 14.4;
				MTL_ENABLE_DEBUG_INFO = INCLUDE_SOURCE;
				MTL_FAST_MATH = YES;
				ONLY_ACTIVE_ARCH = YES;
				SDKROOT = iphoneos;
				SWIFT_ACTIVE_COMPILATION_CONDITIONS = DEBUG;
				SWIFT_OPTIMIZATION_LEVEL = "-Onone";
			};
			name = Debug;
		};
		F1FE9B5C2618EFEE00927063 /* Release */ = {
			isa = XCBuildConfiguration;
			buildSettings = {
				ALWAYS_SEARCH_USER_PATHS = NO;
				CLANG_ANALYZER_NONNULL = YES;
				CLANG_ANALYZER_NUMBER_OBJECT_CONVERSION = YES_AGGRESSIVE;
				CLANG_CXX_LANGUAGE_STANDARD = "gnu++14";
				CLANG_CXX_LIBRARY = "libc++";
				CLANG_ENABLE_MODULES = YES;
				CLANG_ENABLE_OBJC_ARC = YES;
				CLANG_ENABLE_OBJC_WEAK = YES;
				CLANG_WARN_BLOCK_CAPTURE_AUTORELEASING = YES;
				CLANG_WARN_BOOL_CONVERSION = YES;
				CLANG_WARN_COMMA = YES;
				CLANG_WARN_CONSTANT_CONVERSION = YES;
				CLANG_WARN_DEPRECATED_OBJC_IMPLEMENTATIONS = YES;
				CLANG_WARN_DIRECT_OBJC_ISA_USAGE = YES_ERROR;
				CLANG_WARN_DOCUMENTATION_COMMENTS = YES;
				CLANG_WARN_EMPTY_BODY = YES;
				CLANG_WARN_ENUM_CONVERSION = YES;
				CLANG_WARN_INFINITE_RECURSION = YES;
				CLANG_WARN_INT_CONVERSION = YES;
				CLANG_WARN_NON_LITERAL_NULL_CONVERSION = YES;
				CLANG_WARN_OBJC_IMPLICIT_RETAIN_SELF = YES;
				CLANG_WARN_OBJC_LITERAL_CONVERSION = YES;
				CLANG_WARN_OBJC_ROOT_CLASS = YES_ERROR;
				CLANG_WARN_QUOTED_INCLUDE_IN_FRAMEWORK_HEADER = YES;
				CLANG_WARN_RANGE_LOOP_ANALYSIS = YES;
				CLANG_WARN_STRICT_PROTOTYPES = YES;
				CLANG_WARN_SUSPICIOUS_MOVE = YES;
				CLANG_WARN_UNGUARDED_AVAILABILITY = YES_AGGRESSIVE;
				CLANG_WARN_UNREACHABLE_CODE = YES;
				CLANG_WARN__DUPLICATE_METHOD_MATCH = YES;
				COPY_PHASE_STRIP = NO;
				DEBUG_INFORMATION_FORMAT = "dwarf-with-dsym";
				ENABLE_NS_ASSERTIONS = NO;
				ENABLE_STRICT_OBJC_MSGSEND = YES;
				GCC_C_LANGUAGE_STANDARD = gnu11;
				GCC_NO_COMMON_BLOCKS = YES;
				GCC_WARN_64_TO_32_BIT_CONVERSION = YES;
				GCC_WARN_ABOUT_RETURN_TYPE = YES_ERROR;
				GCC_WARN_UNDECLARED_SELECTOR = YES;
				GCC_WARN_UNINITIALIZED_AUTOS = YES_AGGRESSIVE;
				GCC_WARN_UNUSED_FUNCTION = YES;
				GCC_WARN_UNUSED_VARIABLE = YES;
				IPHONEOS_DEPLOYMENT_TARGET = 14.4;
				MTL_ENABLE_DEBUG_INFO = NO;
				MTL_FAST_MATH = YES;
				SDKROOT = iphoneos;
				SWIFT_COMPILATION_MODE = wholemodule;
				SWIFT_OPTIMIZATION_LEVEL = "-O";
				VALIDATE_PRODUCT = YES;
			};
			name = Release;
		};
		F1FE9B5E2618EFEE00927063 /* Debug */ = {
			isa = XCBuildConfiguration;
			buildSettings = {
				ASSETCATALOG_COMPILER_APPICON_NAME = AppIcon;
				ASSETCATALOG_COMPILER_GLOBAL_ACCENT_COLOR_NAME = AccentColor;
				CODE_SIGN_STYLE = Automatic;
				DEVELOPMENT_TEAM = 938KJ47ZQ9;
				INFOPLIST_FILE = UploadApp/Info.plist;
				LD_RUNPATH_SEARCH_PATHS = (
					"$(inherited)",
					"@executable_path/Frameworks",
				);
				PRODUCT_BUNDLE_IDENTIFIER = yocelingr.playground1.UploadApp;
				PRODUCT_NAME = "$(TARGET_NAME)";
				SWIFT_VERSION = 5.0;
				TARGETED_DEVICE_FAMILY = "1,2";
			};
			name = Debug;
		};
		F1FE9B5F2618EFEE00927063 /* Release */ = {
			isa = XCBuildConfiguration;
			buildSettings = {
				ASSETCATALOG_COMPILER_APPICON_NAME = AppIcon;
				ASSETCATALOG_COMPILER_GLOBAL_ACCENT_COLOR_NAME = AccentColor;
				CODE_SIGN_STYLE = Automatic;
				DEVELOPMENT_TEAM = 938KJ47ZQ9;
				INFOPLIST_FILE = UploadApp/Info.plist;
				LD_RUNPATH_SEARCH_PATHS = (
					"$(inherited)",
					"@executable_path/Frameworks",
				);
				PRODUCT_BUNDLE_IDENTIFIER = yocelingr.playground1.UploadApp;
				PRODUCT_NAME = "$(TARGET_NAME)";
				SWIFT_VERSION = 5.0;
				TARGETED_DEVICE_FAMILY = "1,2";
			};
			name = Release;
		};
		F1FE9B612618EFEE00927063 /* Debug */ = {
			isa = XCBuildConfiguration;
			buildSettings = {
				ALWAYS_EMBED_SWIFT_STANDARD_LIBRARIES = YES;
				BUNDLE_LOADER = "$(TEST_HOST)";
				CODE_SIGN_STYLE = Automatic;
				DEVELOPMENT_TEAM = 938KJ47ZQ9;
				INFOPLIST_FILE = UploadAppTests/Info.plist;
				IPHONEOS_DEPLOYMENT_TARGET = 14.4;
				LD_RUNPATH_SEARCH_PATHS = (
					"$(inherited)",
					"@executable_path/Frameworks",
					"@loader_path/Frameworks",
				);
				PRODUCT_BUNDLE_IDENTIFIER = yocelingr.playground1.UploadAppTests;
				PRODUCT_NAME = "$(TARGET_NAME)";
				SWIFT_VERSION = 5.0;
				TARGETED_DEVICE_FAMILY = "1,2";
				TEST_HOST = "$(BUILT_PRODUCTS_DIR)/UploadApp.app/UploadApp";
			};
			name = Debug;
		};
		F1FE9B622618EFEE00927063 /* Release */ = {
			isa = XCBuildConfiguration;
			buildSettings = {
				ALWAYS_EMBED_SWIFT_STANDARD_LIBRARIES = YES;
				BUNDLE_LOADER = "$(TEST_HOST)";
				CODE_SIGN_STYLE = Automatic;
				DEVELOPMENT_TEAM = 938KJ47ZQ9;
				INFOPLIST_FILE = UploadAppTests/Info.plist;
				IPHONEOS_DEPLOYMENT_TARGET = 14.4;
				LD_RUNPATH_SEARCH_PATHS = (
					"$(inherited)",
					"@executable_path/Frameworks",
					"@loader_path/Frameworks",
				);
				PRODUCT_BUNDLE_IDENTIFIER = yocelingr.playground1.UploadAppTests;
				PRODUCT_NAME = "$(TARGET_NAME)";
				SWIFT_VERSION = 5.0;
				TARGETED_DEVICE_FAMILY = "1,2";
				TEST_HOST = "$(BUILT_PRODUCTS_DIR)/UploadApp.app/UploadApp";
			};
			name = Release;
		};
		F1FE9B642618EFEE00927063 /* Debug */ = {
			isa = XCBuildConfiguration;
			buildSettings = {
				ALWAYS_EMBED_SWIFT_STANDARD_LIBRARIES = YES;
				CODE_SIGN_STYLE = Automatic;
				DEVELOPMENT_TEAM = 938KJ47ZQ9;
				INFOPLIST_FILE = UploadAppUITests/Info.plist;
				LD_RUNPATH_SEARCH_PATHS = (
					"$(inherited)",
					"@executable_path/Frameworks",
					"@loader_path/Frameworks",
				);
				PRODUCT_BUNDLE_IDENTIFIER = yocelingr.playground1.UploadAppUITests;
				PRODUCT_NAME = "$(TARGET_NAME)";
				SWIFT_VERSION = 5.0;
				TARGETED_DEVICE_FAMILY = "1,2";
				TEST_TARGET_NAME = UploadApp;
			};
			name = Debug;
		};
		F1FE9B652618EFEE00927063 /* Release */ = {
			isa = XCBuildConfiguration;
			buildSettings = {
				ALWAYS_EMBED_SWIFT_STANDARD_LIBRARIES = YES;
				CODE_SIGN_STYLE = Automatic;
				DEVELOPMENT_TEAM = 938KJ47ZQ9;
				INFOPLIST_FILE = UploadAppUITests/Info.plist;
				LD_RUNPATH_SEARCH_PATHS = (
					"$(inherited)",
					"@executable_path/Frameworks",
					"@loader_path/Frameworks",
				);
				PRODUCT_BUNDLE_IDENTIFIER = yocelingr.playground1.UploadAppUITests;
				PRODUCT_NAME = "$(TARGET_NAME)";
				SWIFT_VERSION = 5.0;
				TARGETED_DEVICE_FAMILY = "1,2";
				TEST_TARGET_NAME = UploadApp;
			};
			name = Release;
		};
/* End XCBuildConfiguration section */

/* Begin XCConfigurationList section */
		F1FE9B2E2618EFEB00927063 /* Build configuration list for PBXProject "UploadApp" */ = {
			isa = XCConfigurationList;
			buildConfigurations = (
				F1FE9B5B2618EFEE00927063 /* Debug */,
				F1FE9B5C2618EFEE00927063 /* Release */,
			);
			defaultConfigurationIsVisible = 0;
			defaultConfigurationName = Release;
		};
		F1FE9B5D2618EFEE00927063 /* Build configuration list for PBXNativeTarget "UploadApp" */ = {
			isa = XCConfigurationList;
			buildConfigurations = (
				F1FE9B5E2618EFEE00927063 /* Debug */,
				F1FE9B5F2618EFEE00927063 /* Release */,
			);
			defaultConfigurationIsVisible = 0;
			defaultConfigurationName = Release;
		};
		F1FE9B602618EFEE00927063 /* Build configuration list for PBXNativeTarget "UploadAppTests" */ = {
			isa = XCConfigurationList;
			buildConfigurations = (
				F1FE9B612618EFEE00927063 /* Debug */,
				F1FE9B622618EFEE00927063 /* Release */,
			);
			defaultConfigurationIsVisible = 0;
			defaultConfigurationName = Release;
		};
		F1FE9B632618EFEE00927063 /* Build configuration list for PBXNativeTarget "UploadAppUITests" */ = {
			isa = XCConfigurationList;
			buildConfigurations = (
				F1FE9B642618EFEE00927063 /* Debug */,
				F1FE9B652618EFEE00927063 /* Release */,
			);
			defaultConfigurationIsVisible = 0;
			defaultConfigurationName = Release;
		};
/* End XCConfigurationList section */
	};
	rootObject = F1FE9B2B2618EFEB00927063 /* Project object */;
}
